// !$*UTF8*$!
{
	archiveVersion = 1;
	classes = {
	};
	objectVersion = 56;
	objects = {

/* Begin PBXBuildFile section */
		25CF22F8291C80F600AE22C0 /* AppDelegate.swift in Sources */ = {isa = PBXBuildFile; fileRef = 25CF22F7291C80F600AE22C0 /* AppDelegate.swift */; };
		25CF22FA291C80F600AE22C0 /* SceneDelegate.swift in Sources */ = {isa = PBXBuildFile; fileRef = 25CF22F9291C80F600AE22C0 /* SceneDelegate.swift */; };
		25CF22FC291C80F600AE22C0 /* MainTabController.swift in Sources */ = {isa = PBXBuildFile; fileRef = 25CF22FB291C80F600AE22C0 /* MainTabController.swift */; };
		25CF2301291C80F800AE22C0 /* Assets.xcassets in Resources */ = {isa = PBXBuildFile; fileRef = 25CF2300291C80F800AE22C0 /* Assets.xcassets */; };
		25CF2304291C80F800AE22C0 /* LaunchScreen.storyboard in Resources */ = {isa = PBXBuildFile; fileRef = 25CF2302291C80F800AE22C0 /* LaunchScreen.storyboard */; };
		25CF2312291C82E500AE22C0 /* FeedController.swift in Sources */ = {isa = PBXBuildFile; fileRef = 25CF2311291C82E500AE22C0 /* FeedController.swift */; };
		25CF2314291C82F100AE22C0 /* SearchController.swift in Sources */ = {isa = PBXBuildFile; fileRef = 25CF2313291C82F100AE22C0 /* SearchController.swift */; };
		25CF2316291C830000AE22C0 /* PostController.swift in Sources */ = {isa = PBXBuildFile; fileRef = 25CF2315291C830000AE22C0 /* PostController.swift */; };
		25CF2318291C831100AE22C0 /* NotificationsController.swift in Sources */ = {isa = PBXBuildFile; fileRef = 25CF2317291C831100AE22C0 /* NotificationsController.swift */; };
		25CF231A291C832600AE22C0 /* ProfileController.swift in Sources */ = {isa = PBXBuildFile; fileRef = 25CF2319291C832600AE22C0 /* ProfileController.swift */; };
		25CF231C291C92D100AE22C0 /* FeedCell.swift in Sources */ = {isa = PBXBuildFile; fileRef = 25CF231B291C92D100AE22C0 /* FeedCell.swift */; };
		25CF231E291C935E00AE22C0 /* Extensions.swift in Sources */ = {isa = PBXBuildFile; fileRef = 25CF231D291C935E00AE22C0 /* Extensions.swift */; };
		25CF23D1291DE82000AE22C0 /* LoginController.swift in Sources */ = {isa = PBXBuildFile; fileRef = 25CF23D0291DE82000AE22C0 /* LoginController.swift */; };
		25CF23D3291DE82A00AE22C0 /* RegistrationController.swift in Sources */ = {isa = PBXBuildFile; fileRef = 25CF23D2291DE82A00AE22C0 /* RegistrationController.swift */; };
		25CF23D5291E050400AE22C0 /* AuthenticationViewModel.swift in Sources */ = {isa = PBXBuildFile; fileRef = 25CF23D4291E050400AE22C0 /* AuthenticationViewModel.swift */; };
		25CF24582920860400AE22C0 /* GoogleService-Info.plist in Resources */ = {isa = PBXBuildFile; fileRef = 25CF24572920860400AE22C0 /* GoogleService-Info.plist */; };
		25CF245B2920872A00AE22C0 /* FirebaseAuth in Frameworks */ = {isa = PBXBuildFile; productRef = 25CF245A2920872A00AE22C0 /* FirebaseAuth */; };
		25CF245D2920872A00AE22C0 /* FirebaseDatabase in Frameworks */ = {isa = PBXBuildFile; productRef = 25CF245C2920872A00AE22C0 /* FirebaseDatabase */; };
		25CF245F2920872A00AE22C0 /* FirebaseDatabaseSwift in Frameworks */ = {isa = PBXBuildFile; productRef = 25CF245E2920872A00AE22C0 /* FirebaseDatabaseSwift */; };
		25CF24612920872B00AE22C0 /* FirebaseFirestore in Frameworks */ = {isa = PBXBuildFile; productRef = 25CF24602920872B00AE22C0 /* FirebaseFirestore */; };
		25CF24632920872B00AE22C0 /* FirebaseFirestoreSwift in Frameworks */ = {isa = PBXBuildFile; productRef = 25CF24622920872B00AE22C0 /* FirebaseFirestoreSwift */; };
		25CF24652920872C00AE22C0 /* FirebaseMessaging in Frameworks */ = {isa = PBXBuildFile; productRef = 25CF24642920872C00AE22C0 /* FirebaseMessaging */; };
		25CF24672920872D00AE22C0 /* FirebaseStorage in Frameworks */ = {isa = PBXBuildFile; productRef = 25CF24662920872D00AE22C0 /* FirebaseStorage */; };
		25CF246A2920877600AE22C0 /* SDWebImage in Frameworks */ = {isa = PBXBuildFile; productRef = 25CF24692920877600AE22C0 /* SDWebImage */; };
		25CF246D29208AE000AE22C0 /* YPImagePicker in Frameworks */ = {isa = PBXBuildFile; productRef = 25CF246C29208AE000AE22C0 /* YPImagePicker */; };
		25CF24C52923291E00AE22C0 /* ImageUploader.swift in Sources */ = {isa = PBXBuildFile; fileRef = 25CF24C42923291E00AE22C0 /* ImageUploader.swift */; };
		25CF24C72923292600AE22C0 /* AuthService.swift in Sources */ = {isa = PBXBuildFile; fileRef = 25CF24C62923292600AE22C0 /* AuthService.swift */; };
/* End PBXBuildFile section */

/* Begin PBXFileReference section */
		25CF22F4291C80F600AE22C0 /* InstagramClone.app */ = {isa = PBXFileReference; explicitFileType = wrapper.application; includeInIndex = 0; path = InstagramClone.app; sourceTree = BUILT_PRODUCTS_DIR; };
		25CF22F7291C80F600AE22C0 /* AppDelegate.swift */ = {isa = PBXFileReference; lastKnownFileType = sourcecode.swift; path = AppDelegate.swift; sourceTree = "<group>"; };
		25CF22F9291C80F600AE22C0 /* SceneDelegate.swift */ = {isa = PBXFileReference; lastKnownFileType = sourcecode.swift; path = SceneDelegate.swift; sourceTree = "<group>"; };
		25CF22FB291C80F600AE22C0 /* MainTabController.swift */ = {isa = PBXFileReference; lastKnownFileType = sourcecode.swift; path = MainTabController.swift; sourceTree = "<group>"; };
		25CF2300291C80F800AE22C0 /* Assets.xcassets */ = {isa = PBXFileReference; lastKnownFileType = folder.assetcatalog; path = Assets.xcassets; sourceTree = "<group>"; };
		25CF2303291C80F800AE22C0 /* Base */ = {isa = PBXFileReference; lastKnownFileType = file.storyboard; name = Base; path = Base.lproj/LaunchScreen.storyboard; sourceTree = "<group>"; };
		25CF2305291C80F800AE22C0 /* Info.plist */ = {isa = PBXFileReference; lastKnownFileType = text.plist.xml; path = Info.plist; sourceTree = "<group>"; };
		25CF2311291C82E500AE22C0 /* FeedController.swift */ = {isa = PBXFileReference; lastKnownFileType = sourcecode.swift; path = FeedController.swift; sourceTree = "<group>"; };
		25CF2313291C82F100AE22C0 /* SearchController.swift */ = {isa = PBXFileReference; lastKnownFileType = sourcecode.swift; path = SearchController.swift; sourceTree = "<group>"; };
		25CF2315291C830000AE22C0 /* PostController.swift */ = {isa = PBXFileReference; lastKnownFileType = sourcecode.swift; path = PostController.swift; sourceTree = "<group>"; };
		25CF2317291C831100AE22C0 /* NotificationsController.swift */ = {isa = PBXFileReference; lastKnownFileType = sourcecode.swift; path = NotificationsController.swift; sourceTree = "<group>"; };
		25CF2319291C832600AE22C0 /* ProfileController.swift */ = {isa = PBXFileReference; lastKnownFileType = sourcecode.swift; path = ProfileController.swift; sourceTree = "<group>"; };
		25CF231B291C92D100AE22C0 /* FeedCell.swift */ = {isa = PBXFileReference; lastKnownFileType = sourcecode.swift; path = FeedCell.swift; sourceTree = "<group>"; };
		25CF231D291C935E00AE22C0 /* Extensions.swift */ = {isa = PBXFileReference; lastKnownFileType = sourcecode.swift; path = Extensions.swift; sourceTree = "<group>"; };
		25CF23D0291DE82000AE22C0 /* LoginController.swift */ = {isa = PBXFileReference; lastKnownFileType = sourcecode.swift; path = LoginController.swift; sourceTree = "<group>"; };
		25CF23D2291DE82A00AE22C0 /* RegistrationController.swift */ = {isa = PBXFileReference; lastKnownFileType = sourcecode.swift; path = RegistrationController.swift; sourceTree = "<group>"; };
		25CF23D4291E050400AE22C0 /* AuthenticationViewModel.swift */ = {isa = PBXFileReference; lastKnownFileType = sourcecode.swift; path = AuthenticationViewModel.swift; sourceTree = "<group>"; };
		25CF24572920860400AE22C0 /* GoogleService-Info.plist */ = {isa = PBXFileReference; fileEncoding = 4; lastKnownFileType = text.plist.xml; path = "GoogleService-Info.plist"; sourceTree = "<group>"; };
		25CF24C42923291E00AE22C0 /* ImageUploader.swift */ = {isa = PBXFileReference; lastKnownFileType = sourcecode.swift; path = ImageUploader.swift; sourceTree = "<group>"; };
		25CF24C62923292600AE22C0 /* AuthService.swift */ = {isa = PBXFileReference; lastKnownFileType = sourcecode.swift; path = AuthService.swift; sourceTree = "<group>"; };
/* End PBXFileReference section */

/* Begin PBXFrameworksBuildPhase section */
		25CF22F1291C80F600AE22C0 /* Frameworks */ = {
			isa = PBXFrameworksBuildPhase;
			buildActionMask = 2147483647;
			files = (
				25CF24652920872C00AE22C0 /* FirebaseMessaging in Frameworks */,
				25CF24632920872B00AE22C0 /* FirebaseFirestoreSwift in Frameworks */,
				25CF246A2920877600AE22C0 /* SDWebImage in Frameworks */,
				25CF245F2920872A00AE22C0 /* FirebaseDatabaseSwift in Frameworks */,
				25CF24612920872B00AE22C0 /* FirebaseFirestore in Frameworks */,
				25CF24672920872D00AE22C0 /* FirebaseStorage in Frameworks */,
				25CF245D2920872A00AE22C0 /* FirebaseDatabase in Frameworks */,
				25CF246D29208AE000AE22C0 /* YPImagePicker in Frameworks */,
				25CF245B2920872A00AE22C0 /* FirebaseAuth in Frameworks */,
			);
			runOnlyForDeploymentPostprocessing = 0;
		};
/* End PBXFrameworksBuildPhase section */

/* Begin PBXGroup section */
		25CF22EB291C80F600AE22C0 = {
			isa = PBXGroup;
			children = (
				25CF22F6291C80F600AE22C0 /* InstagramClone */,
				25CF22F5291C80F600AE22C0 /* Products */,
			);
			sourceTree = "<group>";
		};
		25CF22F5291C80F600AE22C0 /* Products */ = {
			isa = PBXGroup;
			children = (
				25CF22F4291C80F600AE22C0 /* InstagramClone.app */,
			);
			name = Products;
			sourceTree = "<group>";
		};
		25CF22F6291C80F600AE22C0 /* InstagramClone */ = {
			isa = PBXGroup;
			children = (
				25CF2310291C814300AE22C0 /* Model */,
				25CF230F291C814000AE22C0 /* View */,
				25CF230E291C813900AE22C0 /* ViewModel */,
				25CF230D291C813200AE22C0 /* Controller */,
				25CF230C291C812E00AE22C0 /* API */,
				25CF230B291C811E00AE22C0 /* Utilities */,
				25CF22F7291C80F600AE22C0 /* AppDelegate.swift */,
				25CF22F9291C80F600AE22C0 /* SceneDelegate.swift */,
				25CF2300291C80F800AE22C0 /* Assets.xcassets */,
				25CF2302291C80F800AE22C0 /* LaunchScreen.storyboard */,
				25CF2305291C80F800AE22C0 /* Info.plist */,
				25CF24572920860400AE22C0 /* GoogleService-Info.plist */,
			);
			path = InstagramClone;
			sourceTree = "<group>";
		};
		25CF230B291C811E00AE22C0 /* Utilities */ = {
			isa = PBXGroup;
			children = (
				25CF231D291C935E00AE22C0 /* Extensions.swift */,
			);
			path = Utilities;
			sourceTree = "<group>";
		};
		25CF230C291C812E00AE22C0 /* API */ = {
			isa = PBXGroup;
			children = (
				25CF24C42923291E00AE22C0 /* ImageUploader.swift */,
				25CF24C62923292600AE22C0 /* AuthService.swift */,
			);
			path = API;
			sourceTree = "<group>";
		};
		25CF230D291C813200AE22C0 /* Controller */ = {
			isa = PBXGroup;
			children = (
				25CF23CF291DE81400AE22C0 /* Authentication */,
				25CF22FB291C80F600AE22C0 /* MainTabController.swift */,
				25CF2311291C82E500AE22C0 /* FeedController.swift */,
				25CF2313291C82F100AE22C0 /* SearchController.swift */,
				25CF2315291C830000AE22C0 /* PostController.swift */,
				25CF2317291C831100AE22C0 /* NotificationsController.swift */,
				25CF2319291C832600AE22C0 /* ProfileController.swift */,
			);
			path = Controller;
			sourceTree = "<group>";
		};
		25CF230E291C813900AE22C0 /* ViewModel */ = {
			isa = PBXGroup;
			children = (
				25CF23D4291E050400AE22C0 /* AuthenticationViewModel.swift */,
			);
			path = ViewModel;
			sourceTree = "<group>";
		};
		25CF230F291C814000AE22C0 /* View */ = {
			isa = PBXGroup;
			children = (
				25CF231B291C92D100AE22C0 /* FeedCell.swift */,
			);
			path = View;
			sourceTree = "<group>";
		};
		25CF2310291C814300AE22C0 /* Model */ = {
			isa = PBXGroup;
			children = (
			);
			path = Model;
			sourceTree = "<group>";
		};
		25CF23CF291DE81400AE22C0 /* Authentication */ = {
			isa = PBXGroup;
			children = (
				25CF23D0291DE82000AE22C0 /* LoginController.swift */,
				25CF23D2291DE82A00AE22C0 /* RegistrationController.swift */,
			);
			path = Authentication;
			sourceTree = "<group>";
		};
/* End PBXGroup section */

/* Begin PBXNativeTarget section */
		25CF22F3291C80F600AE22C0 /* InstagramClone */ = {
			isa = PBXNativeTarget;
			buildConfigurationList = 25CF2308291C80F800AE22C0 /* Build configuration list for PBXNativeTarget "InstagramClone" */;
			buildPhases = (
				25CF22F0291C80F600AE22C0 /* Sources */,
				25CF22F1291C80F600AE22C0 /* Frameworks */,
				25CF22F2291C80F600AE22C0 /* Resources */,
			);
			buildRules = (
			);
			dependencies = (
			);
			name = InstagramClone;
			packageProductDependencies = (
				25CF245A2920872A00AE22C0 /* FirebaseAuth */,
				25CF245C2920872A00AE22C0 /* FirebaseDatabase */,
				25CF245E2920872A00AE22C0 /* FirebaseDatabaseSwift */,
				25CF24602920872B00AE22C0 /* FirebaseFirestore */,
				25CF24622920872B00AE22C0 /* FirebaseFirestoreSwift */,
				25CF24642920872C00AE22C0 /* FirebaseMessaging */,
				25CF24662920872D00AE22C0 /* FirebaseStorage */,
				25CF24692920877600AE22C0 /* SDWebImage */,
				25CF246C29208AE000AE22C0 /* YPImagePicker */,
			);
			productName = InstagramClone;
			productReference = 25CF22F4291C80F600AE22C0 /* InstagramClone.app */;
			productType = "com.apple.product-type.application";
		};
/* End PBXNativeTarget section */

/* Begin PBXProject section */
		25CF22EC291C80F600AE22C0 /* Project object */ = {
			isa = PBXProject;
			attributes = {
				BuildIndependentTargetsInParallel = 1;
				LastSwiftUpdateCheck = 1410;
				LastUpgradeCheck = 1410;
				TargetAttributes = {
					25CF22F3291C80F600AE22C0 = {
						CreatedOnToolsVersion = 14.1;
					};
				};
			};
			buildConfigurationList = 25CF22EF291C80F600AE22C0 /* Build configuration list for PBXProject "InstagramClone" */;
			compatibilityVersion = "Xcode 14.0";
			developmentRegion = en;
			hasScannedForEncodings = 0;
			knownRegions = (
				en,
				Base,
			);
			mainGroup = 25CF22EB291C80F600AE22C0;
			packageReferences = (
				25CF24592920872A00AE22C0 /* XCRemoteSwiftPackageReference "firebase-ios-sdk" */,
				25CF24682920877600AE22C0 /* XCRemoteSwiftPackageReference "SDWebImage" */,
				25CF246B29208AE000AE22C0 /* XCRemoteSwiftPackageReference "YPImagePicker" */,
			);
			productRefGroup = 25CF22F5291C80F600AE22C0 /* Products */;
			projectDirPath = "";
			projectRoot = "";
			targets = (
				25CF22F3291C80F600AE22C0 /* InstagramClone */,
			);
		};
/* End PBXProject section */

/* Begin PBXResourcesBuildPhase section */
		25CF22F2291C80F600AE22C0 /* Resources */ = {
			isa = PBXResourcesBuildPhase;
			buildActionMask = 2147483647;
			files = (
				25CF2304291C80F800AE22C0 /* LaunchScreen.storyboard in Resources */,
				25CF24582920860400AE22C0 /* GoogleService-Info.plist in Resources */,
				25CF2301291C80F800AE22C0 /* Assets.xcassets in Resources */,
			);
			runOnlyForDeploymentPostprocessing = 0;
		};
/* End PBXResourcesBuildPhase section */

/* Begin PBXSourcesBuildPhase section */
		25CF22F0291C80F600AE22C0 /* Sources */ = {
			isa = PBXSourcesBuildPhase;
			buildActionMask = 2147483647;
			files = (
				25CF23D5291E050400AE22C0 /* AuthenticationViewModel.swift in Sources */,
				25CF23D1291DE82000AE22C0 /* LoginController.swift in Sources */,
				25CF22FC291C80F600AE22C0 /* MainTabController.swift in Sources */,
				25CF2314291C82F100AE22C0 /* SearchController.swift in Sources */,
				25CF22F8291C80F600AE22C0 /* AppDelegate.swift in Sources */,
				25CF2318291C831100AE22C0 /* NotificationsController.swift in Sources */,
				25CF22FA291C80F600AE22C0 /* SceneDelegate.swift in Sources */,
				25CF24C52923291E00AE22C0 /* ImageUploader.swift in Sources */,
				25CF231E291C935E00AE22C0 /* Extensions.swift in Sources */,
				25CF2316291C830000AE22C0 /* PostController.swift in Sources */,
				25CF2312291C82E500AE22C0 /* FeedController.swift in Sources */,
				25CF231A291C832600AE22C0 /* ProfileController.swift in Sources */,
				25CF24C72923292600AE22C0 /* AuthService.swift in Sources */,
				25CF23D3291DE82A00AE22C0 /* RegistrationController.swift in Sources */,
				25CF231C291C92D100AE22C0 /* FeedCell.swift in Sources */,
			);
			runOnlyForDeploymentPostprocessing = 0;
		};
/* End PBXSourcesBuildPhase section */

/* Begin PBXVariantGroup section */
		25CF2302291C80F800AE22C0 /* LaunchScreen.storyboard */ = {
			isa = PBXVariantGroup;
			children = (
				25CF2303291C80F800AE22C0 /* Base */,
			);
			name = LaunchScreen.storyboard;
			sourceTree = "<group>";
		};
/* End PBXVariantGroup section */

/* Begin XCBuildConfiguration section */
		25CF2306291C80F800AE22C0 /* Debug */ = {
			isa = XCBuildConfiguration;
			buildSettings = {
				ALWAYS_SEARCH_USER_PATHS = NO;
				CLANG_ANALYZER_NONNULL = YES;
				CLANG_ANALYZER_NUMBER_OBJECT_CONVERSION = YES_AGGRESSIVE;
				CLANG_CXX_LANGUAGE_STANDARD = "gnu++20";
				CLANG_ENABLE_MODULES = YES;
				CLANG_ENABLE_OBJC_ARC = YES;
				CLANG_ENABLE_OBJC_WEAK = YES;
				CLANG_WARN_BLOCK_CAPTURE_AUTORELEASING = YES;
				CLANG_WARN_BOOL_CONVERSION = YES;
				CLANG_WARN_COMMA = YES;
				CLANG_WARN_CONSTANT_CONVERSION = YES;
				CLANG_WARN_DEPRECATED_OBJC_IMPLEMENTATIONS = YES;
				CLANG_WARN_DIRECT_OBJC_ISA_USAGE = YES_ERROR;
				CLANG_WARN_DOCUMENTATION_COMMENTS = YES;
				CLANG_WARN_EMPTY_BODY = YES;
				CLANG_WARN_ENUM_CONVERSION = YES;
				CLANG_WARN_INFINITE_RECURSION = YES;
				CLANG_WARN_INT_CONVERSION = YES;
				CLANG_WARN_NON_LITERAL_NULL_CONVERSION = YES;
				CLANG_WARN_OBJC_IMPLICIT_RETAIN_SELF = YES;
				CLANG_WARN_OBJC_LITERAL_CONVERSION = YES;
				CLANG_WARN_OBJC_ROOT_CLASS = YES_ERROR;
				CLANG_WARN_QUOTED_INCLUDE_IN_FRAMEWORK_HEADER = YES;
				CLANG_WARN_RANGE_LOOP_ANALYSIS = YES;
				CLANG_WARN_STRICT_PROTOTYPES = YES;
				CLANG_WARN_SUSPICIOUS_MOVE = YES;
				CLANG_WARN_UNGUARDED_AVAILABILITY = YES_AGGRESSIVE;
				CLANG_WARN_UNREACHABLE_CODE = YES;
				CLANG_WARN__DUPLICATE_METHOD_MATCH = YES;
				COPY_PHASE_STRIP = NO;
				DEBUG_INFORMATION_FORMAT = dwarf;
				ENABLE_STRICT_OBJC_MSGSEND = YES;
				ENABLE_TESTABILITY = YES;
				GCC_C_LANGUAGE_STANDARD = gnu11;
				GCC_DYNAMIC_NO_PIC = NO;
				GCC_NO_COMMON_BLOCKS = YES;
				GCC_OPTIMIZATION_LEVEL = 0;
				GCC_PREPROCESSOR_DEFINITIONS = (
					"DEBUG=1",
					"$(inherited)",
				);
				GCC_WARN_64_TO_32_BIT_CONVERSION = YES;
				GCC_WARN_ABOUT_RETURN_TYPE = YES_ERROR;
				GCC_WARN_UNDECLARED_SELECTOR = YES;
				GCC_WARN_UNINITIALIZED_AUTOS = YES_AGGRESSIVE;
				GCC_WARN_UNUSED_FUNCTION = YES;
				GCC_WARN_UNUSED_VARIABLE = YES;
				IPHONEOS_DEPLOYMENT_TARGET = 16.1;
				MTL_ENABLE_DEBUG_INFO = INCLUDE_SOURCE;
				MTL_FAST_MATH = YES;
				ONLY_ACTIVE_ARCH = YES;
				SDKROOT = iphoneos;
				SWIFT_ACTIVE_COMPILATION_CONDITIONS = DEBUG;
				SWIFT_OPTIMIZATION_LEVEL = "-Onone";
			};
			name = Debug;
		};
		25CF2307291C80F800AE22C0 /* Release */ = {
			isa = XCBuildConfiguration;
			buildSettings = {
				ALWAYS_SEARCH_USER_PATHS = NO;
				CLANG_ANALYZER_NONNULL = YES;
				CLANG_ANALYZER_NUMBER_OBJECT_CONVERSION = YES_AGGRESSIVE;
				CLANG_CXX_LANGUAGE_STANDARD = "gnu++20";
				CLANG_ENABLE_MODULES = YES;
				CLANG_ENABLE_OBJC_ARC = YES;
				CLANG_ENABLE_OBJC_WEAK = YES;
				CLANG_WARN_BLOCK_CAPTURE_AUTORELEASING = YES;
				CLANG_WARN_BOOL_CONVERSION = YES;
				CLANG_WARN_COMMA = YES;
				CLANG_WARN_CONSTANT_CONVERSION = YES;
				CLANG_WARN_DEPRECATED_OBJC_IMPLEMENTATIONS = YES;
				CLANG_WARN_DIRECT_OBJC_ISA_USAGE = YES_ERROR;
				CLANG_WARN_DOCUMENTATION_COMMENTS = YES;
				CLANG_WARN_EMPTY_BODY = YES;
				CLANG_WARN_ENUM_CONVERSION = YES;
				CLANG_WARN_INFINITE_RECURSION = YES;
				CLANG_WARN_INT_CONVERSION = YES;
				CLANG_WARN_NON_LITERAL_NULL_CONVERSION = YES;
				CLANG_WARN_OBJC_IMPLICIT_RETAIN_SELF = YES;
				CLANG_WARN_OBJC_LITERAL_CONVERSION = YES;
				CLANG_WARN_OBJC_ROOT_CLASS = YES_ERROR;
				CLANG_WARN_QUOTED_INCLUDE_IN_FRAMEWORK_HEADER = YES;
				CLANG_WARN_RANGE_LOOP_ANALYSIS = YES;
				CLANG_WARN_STRICT_PROTOTYPES = YES;
				CLANG_WARN_SUSPICIOUS_MOVE = YES;
				CLANG_WARN_UNGUARDED_AVAILABILITY = YES_AGGRESSIVE;
				CLANG_WARN_UNREACHABLE_CODE = YES;
				CLANG_WARN__DUPLICATE_METHOD_MATCH = YES;
				COPY_PHASE_STRIP = NO;
				DEBUG_INFORMATION_FORMAT = "dwarf-with-dsym";
				ENABLE_NS_ASSERTIONS = NO;
				ENABLE_STRICT_OBJC_MSGSEND = YES;
				GCC_C_LANGUAGE_STANDARD = gnu11;
				GCC_NO_COMMON_BLOCKS = YES;
				GCC_WARN_64_TO_32_BIT_CONVERSION = YES;
				GCC_WARN_ABOUT_RETURN_TYPE = YES_ERROR;
				GCC_WARN_UNDECLARED_SELECTOR = YES;
				GCC_WARN_UNINITIALIZED_AUTOS = YES_AGGRESSIVE;
				GCC_WARN_UNUSED_FUNCTION = YES;
				GCC_WARN_UNUSED_VARIABLE = YES;
				IPHONEOS_DEPLOYMENT_TARGET = 16.1;
				MTL_ENABLE_DEBUG_INFO = NO;
				MTL_FAST_MATH = YES;
				SDKROOT = iphoneos;
				SWIFT_COMPILATION_MODE = wholemodule;
				SWIFT_OPTIMIZATION_LEVEL = "-O";
				VALIDATE_PRODUCT = YES;
			};
			name = Release;
		};
		25CF2309291C80F800AE22C0 /* Debug */ = {
			isa = XCBuildConfiguration;
			buildSettings = {
				ASSETCATALOG_COMPILER_APPICON_NAME = AppIcon;
				ASSETCATALOG_COMPILER_GLOBAL_ACCENT_COLOR_NAME = AccentColor;
				CODE_SIGN_STYLE = Automatic;
				CURRENT_PROJECT_VERSION = 1;
				DEVELOPMENT_TEAM = 7SA8N5B57Q;
				GENERATE_INFOPLIST_FILE = YES;
				INFOPLIST_FILE = InstagramClone/Info.plist;
				INFOPLIST_KEY_UIApplicationSupportsIndirectInputEvents = YES;
				INFOPLIST_KEY_UILaunchStoryboardName = LaunchScreen;
				INFOPLIST_KEY_UISupportedInterfaceOrientations_iPad = "UIInterfaceOrientationPortrait UIInterfaceOrientationPortraitUpsideDown UIInterfaceOrientationLandscapeLeft UIInterfaceOrientationLandscapeRight";
				INFOPLIST_KEY_UISupportedInterfaceOrientations_iPhone = "UIInterfaceOrientationPortrait UIInterfaceOrientationLandscapeLeft UIInterfaceOrientationLandscapeRight";
				LD_RUNPATH_SEARCH_PATHS = (
					"$(inherited)",
					"@executable_path/Frameworks",
				);
				MARKETING_VERSION = 1.0;
				PRODUCT_BUNDLE_IDENTIFIER = com.aliapps.InstagramClone;
				PRODUCT_NAME = "$(TARGET_NAME)";
				SWIFT_EMIT_LOC_STRINGS = YES;
				SWIFT_VERSION = 5.0;
				TARGETED_DEVICE_FAMILY = "1,2";
			};
			name = Debug;
		};
		25CF230A291C80F800AE22C0 /* Release */ = {
			isa = XCBuildConfiguration;
			buildSettings = {
				ASSETCATALOG_COMPILER_APPICON_NAME = AppIcon;
				ASSETCATALOG_COMPILER_GLOBAL_ACCENT_COLOR_NAME = AccentColor;
				CODE_SIGN_STYLE = Automatic;
				CURRENT_PROJECT_VERSION = 1;
				DEVELOPMENT_TEAM = 7SA8N5B57Q;
				GENERATE_INFOPLIST_FILE = YES;
				INFOPLIST_FILE = InstagramClone/Info.plist;
				INFOPLIST_KEY_UIApplicationSupportsIndirectInputEvents = YES;
				INFOPLIST_KEY_UILaunchStoryboardName = LaunchScreen;
				INFOPLIST_KEY_UISupportedInterfaceOrientations_iPad = "UIInterfaceOrientationPortrait UIInterfaceOrientationPortraitUpsideDown UIInterfaceOrientationLandscapeLeft UIInterfaceOrientationLandscapeRight";
				INFOPLIST_KEY_UISupportedInterfaceOrientations_iPhone = "UIInterfaceOrientationPortrait UIInterfaceOrientationLandscapeLeft UIInterfaceOrientationLandscapeRight";
				LD_RUNPATH_SEARCH_PATHS = (
					"$(inherited)",
					"@executable_path/Frameworks",
				);
				MARKETING_VERSION = 1.0;
				PRODUCT_BUNDLE_IDENTIFIER = com.aliapps.InstagramClone;
				PRODUCT_NAME = "$(TARGET_NAME)";
				SWIFT_EMIT_LOC_STRINGS = YES;
				SWIFT_VERSION = 5.0;
				TARGETED_DEVICE_FAMILY = "1,2";
			};
			name = Release;
		};
/* End XCBuildConfiguration section */

/* Begin XCConfigurationList section */
		25CF22EF291C80F600AE22C0 /* Build configuration list for PBXProject "InstagramClone" */ = {
			isa = XCConfigurationList;
			buildConfigurations = (
				25CF2306291C80F800AE22C0 /* Debug */,
				25CF2307291C80F800AE22C0 /* Release */,
			);
			defaultConfigurationIsVisible = 0;
			defaultConfigurationName = Release;
		};
		25CF2308291C80F800AE22C0 /* Build configuration list for PBXNativeTarget "InstagramClone" */ = {
			isa = XCConfigurationList;
			buildConfigurations = (
				25CF2309291C80F800AE22C0 /* Debug */,
				25CF230A291C80F800AE22C0 /* Release */,
			);
			defaultConfigurationIsVisible = 0;
			defaultConfigurationName = Release;
		};
/* End XCConfigurationList section */

/* Begin XCRemoteSwiftPackageReference section */
		25CF24592920872A00AE22C0 /* XCRemoteSwiftPackageReference "firebase-ios-sdk" */ = {
			isa = XCRemoteSwiftPackageReference;
			repositoryURL = "https://github.com/firebase/firebase-ios-sdk";
			requirement = {
				kind = upToNextMajorVersion;
				minimumVersion = 9.0.0;
			};
		};
		25CF24682920877600AE22C0 /* XCRemoteSwiftPackageReference "SDWebImage" */ = {
			isa = XCRemoteSwiftPackageReference;
			repositoryURL = "https://github.com/SDWebImage/SDWebImage.git";
			requirement = {
				kind = upToNextMajorVersion;
				minimumVersion = 5.0.0;
			};
		};
		25CF246B29208AE000AE22C0 /* XCRemoteSwiftPackageReference "YPImagePicker" */ = {
			isa = XCRemoteSwiftPackageReference;
			repositoryURL = "https://github.com/Yummypets/YPImagePicker.git";
			requirement = {
				kind = upToNextMajorVersion;
				minimumVersion = 5.0.0;
			};
		};
/* End XCRemoteSwiftPackageReference section */

/* Begin XCSwiftPackageProductDependency section */
		25CF245A2920872A00AE22C0 /* FirebaseAuth */ = {
			isa = XCSwiftPackageProductDependency;
			package = 25CF24592920872A00AE22C0 /* XCRemoteSwiftPackageReference "firebase-ios-sdk" */;
			productName = FirebaseAuth;
		};
		25CF245C2920872A00AE22C0 /* FirebaseDatabase */ = {
			isa = XCSwiftPackageProductDependency;
			package = 25CF24592920872A00AE22C0 /* XCRemoteSwiftPackageReference "firebase-ios-sdk" */;
			productName = FirebaseDatabase;
		};
		25CF245E2920872A00AE22C0 /* FirebaseDatabaseSwift */ = {
			isa = XCSwiftPackageProductDependency;
			package = 25CF24592920872A00AE22C0 /* XCRemoteSwiftPackageReference "firebase-ios-sdk" */;
			productName = FirebaseDatabaseSwift;
		};
		25CF24602920872B00AE22C0 /* FirebaseFirestore */ = {
			isa = XCSwiftPackageProductDependency;
			package = 25CF24592920872A00AE22C0 /* XCRemoteSwiftPackageReference "firebase-ios-sdk" */;
			productName = FirebaseFirestore;
		};
		25CF24622920872B00AE22C0 /* FirebaseFirestoreSwift */ = {
			isa = XCSwiftPackageProductDependency;
			package = 25CF24592920872A00AE22C0 /* XCRemoteSwiftPackageReference "firebase-ios-sdk" */;
			productName = FirebaseFirestoreSwift;
		};
		25CF24642920872C00AE22C0 /* FirebaseMessaging */ = {
			isa = XCSwiftPackageProductDependency;
			package = 25CF24592920872A00AE22C0 /* XCRemoteSwiftPackageReference "firebase-ios-sdk" */;
			productName = FirebaseMessaging;
		};
		25CF24662920872D00AE22C0 /* FirebaseStorage */ = {
			isa = XCSwiftPackageProductDependency;
			package = 25CF24592920872A00AE22C0 /* XCRemoteSwiftPackageReference "firebase-ios-sdk" */;
			productName = FirebaseStorage;
		};
		25CF24692920877600AE22C0 /* SDWebImage */ = {
			isa = XCSwiftPackageProductDependency;
			package = 25CF24682920877600AE22C0 /* XCRemoteSwiftPackageReference "SDWebImage" */;
			productName = SDWebImage;
		};
		25CF246C29208AE000AE22C0 /* YPImagePicker */ = {
			isa = XCSwiftPackageProductDependency;
			package = 25CF246B29208AE000AE22C0 /* XCRemoteSwiftPackageReference "YPImagePicker" */;
			productName = YPImagePicker;
		};
/* End XCSwiftPackageProductDependency section */
	};
	rootObject = 25CF22EC291C80F600AE22C0 /* Project object */;
}
